// !$*UTF8*$!
{
	archiveVersion = 1;
	classes = {
	};
	objectVersion = 52;
	objects = {

/* Begin PBXBuildFile section */
		F4C33DFA26C92E52001A28B1 /* RootController.swift in Sources */ = {isa = PBXBuildFile; fileRef = F4C33DF326C92E52001A28B1 /* RootController.swift */; };
		F4C33DFB26C92E52001A28B1 /* Assets.xcassets in Resources */ = {isa = PBXBuildFile; fileRef = F4C33DF526C92E52001A28B1 /* Assets.xcassets */; };
		F4C33DFC26C92E52001A28B1 /* LaunchScreen.storyboard in Resources */ = {isa = PBXBuildFile; fileRef = F4C33DF626C92E52001A28B1 /* LaunchScreen.storyboard */; };
		F4C33DFD26C92E52001A28B1 /* AppDelegate.swift in Sources */ = {isa = PBXBuildFile; fileRef = F4C33DF826C92E52001A28B1 /* AppDelegate.swift */; };
		F4C33E0026C92EBB001A28B1 /* SparrowKit in Frameworks */ = {isa = PBXBuildFile; productRef = F4C33DFF26C92EBB001A28B1 /* SparrowKit */; };
		F4C33E0326C92EEA001A28B1 /* NativeUIKit in Frameworks */ = {isa = PBXBuildFile; productRef = F4C33E0226C92EEA001A28B1 /* NativeUIKit */; };
		F4C33E2326C93186001A28B1 /* Assets.xcassets in Resources */ = {isa = PBXBuildFile; fileRef = F4C33E1F26C93186001A28B1 /* Assets.xcassets */; };
		F4C33E2426C93186001A28B1 /* AppDelegate.swift in Sources */ = {isa = PBXBuildFile; fileRef = F4C33E2026C93186001A28B1 /* AppDelegate.swift */; };
		F4C33E2726C931BD001A28B1 /* SparrowKit in Frameworks */ = {isa = PBXBuildFile; productRef = F4C33E2626C931BD001A28B1 /* SparrowKit */; };
		F4C33E2926C931BF001A28B1 /* NativeUIKit in Frameworks */ = {isa = PBXBuildFile; productRef = F4C33E2826C931BF001A28B1 /* NativeUIKit */; };
		F4C33E2D26C93202001A28B1 /* LaunchScreen.storyboard in Resources */ = {isa = PBXBuildFile; fileRef = F4C33E2C26C93202001A28B1 /* LaunchScreen.storyboard */; };
		F4C33E3426C932C8001A28B1 /* Interface.storyboard in Resources */ = {isa = PBXBuildFile; fileRef = F4C33E3226C932C8001A28B1 /* Interface.storyboard */; };
		F4C33E3626C932C9001A28B1 /* Assets.xcassets in Resources */ = {isa = PBXBuildFile; fileRef = F4C33E3526C932C9001A28B1 /* Assets.xcassets */; };
		F4C33E3D26C932CA001A28B1 /* watchOS Example Extension.appex in Embed App Extensions */ = {isa = PBXBuildFile; fileRef = F4C33E3C26C932CA001A28B1 /* watchOS Example Extension.appex */; settings = {ATTRIBUTES = (RemoveHeadersOnCopy, ); }; };
		F4C33E4426C932CA001A28B1 /* ExtensionDelegate.swift in Sources */ = {isa = PBXBuildFile; fileRef = F4C33E4326C932CA001A28B1 /* ExtensionDelegate.swift */; };
		F4C33E4826C932CB001A28B1 /* Assets.xcassets in Resources */ = {isa = PBXBuildFile; fileRef = F4C33E4726C932CB001A28B1 /* Assets.xcassets */; };
		F4C33E4C26C932CB001A28B1 /* watchOS Example.app in Embed Watch Content */ = {isa = PBXBuildFile; fileRef = F4C33E3026C932C8001A28B1 /* watchOS Example.app */; settings = {ATTRIBUTES = (RemoveHeadersOnCopy, ); }; };
/* End PBXBuildFile section */

/* Begin PBXContainerItemProxy section */
		F4C33E3E26C932CA001A28B1 /* PBXContainerItemProxy */ = {
			isa = PBXContainerItemProxy;
			containerPortal = F4C33DD126C92DF8001A28B1 /* Project object */;
			proxyType = 1;
			remoteGlobalIDString = F4C33E3B26C932CA001A28B1;
			remoteInfo = "watchOS Example Extension";
		};
		F4C33E4A26C932CB001A28B1 /* PBXContainerItemProxy */ = {
			isa = PBXContainerItemProxy;
			containerPortal = F4C33DD126C92DF8001A28B1 /* Project object */;
			proxyType = 1;
			remoteGlobalIDString = F4C33E2F26C932C8001A28B1;
			remoteInfo = "watchOS Example";
		};
/* End PBXContainerItemProxy section */

/* Begin PBXCopyFilesBuildPhase section */
		F4C33E5026C932CB001A28B1 /* Embed App Extensions */ = {
			isa = PBXCopyFilesBuildPhase;
			buildActionMask = 2147483647;
			dstPath = "";
			dstSubfolderSpec = 13;
			files = (
				F4C33E3D26C932CA001A28B1 /* watchOS Example Extension.appex in Embed App Extensions */,
			);
			name = "Embed App Extensions";
			runOnlyForDeploymentPostprocessing = 0;
		};
		F4C33E5426C932CB001A28B1 /* Embed Watch Content */ = {
			isa = PBXCopyFilesBuildPhase;
			buildActionMask = 2147483647;
			dstPath = "$(CONTENTS_FOLDER_PATH)/Watch";
			dstSubfolderSpec = 16;
			files = (
				F4C33E4C26C932CB001A28B1 /* watchOS Example.app in Embed Watch Content */,
			);
			name = "Embed Watch Content";
			runOnlyForDeploymentPostprocessing = 0;
		};
/* End PBXCopyFilesBuildPhase section */

/* Begin PBXFileReference section */
		F41E02AA276C836700C7BD05 /* NativeUIKit */ = {isa = PBXFileReference; lastKnownFileType = wrapper; name = NativeUIKit; path = ..; sourceTree = "<group>"; };
		F4C33DD926C92DF8001A28B1 /* iOS Example.app */ = {isa = PBXFileReference; explicitFileType = wrapper.application; includeInIndex = 0; path = "iOS Example.app"; sourceTree = BUILT_PRODUCTS_DIR; };
		F4C33DF126C92E52001A28B1 /* Info.plist */ = {isa = PBXFileReference; fileEncoding = 4; lastKnownFileType = text.plist.xml; path = Info.plist; sourceTree = "<group>"; };
		F4C33DF326C92E52001A28B1 /* RootController.swift */ = {isa = PBXFileReference; fileEncoding = 4; lastKnownFileType = sourcecode.swift; path = RootController.swift; sourceTree = "<group>"; };
		F4C33DF526C92E52001A28B1 /* Assets.xcassets */ = {isa = PBXFileReference; lastKnownFileType = folder.assetcatalog; path = Assets.xcassets; sourceTree = "<group>"; };
		F4C33DF726C92E52001A28B1 /* Base */ = {isa = PBXFileReference; lastKnownFileType = file.storyboard; name = Base; path = Base.lproj/LaunchScreen.storyboard; sourceTree = "<group>"; };
		F4C33DF826C92E52001A28B1 /* AppDelegate.swift */ = {isa = PBXFileReference; fileEncoding = 4; lastKnownFileType = sourcecode.swift; path = AppDelegate.swift; sourceTree = "<group>"; };
		F4C33E0A26C9315F001A28B1 /* tvOS Example.app */ = {isa = PBXFileReference; explicitFileType = wrapper.application; includeInIndex = 0; path = "tvOS Example.app"; sourceTree = BUILT_PRODUCTS_DIR; };
		F4C33E1F26C93186001A28B1 /* Assets.xcassets */ = {isa = PBXFileReference; lastKnownFileType = folder.assetcatalog; path = Assets.xcassets; sourceTree = "<group>"; };
		F4C33E2026C93186001A28B1 /* AppDelegate.swift */ = {isa = PBXFileReference; fileEncoding = 4; lastKnownFileType = sourcecode.swift; path = AppDelegate.swift; sourceTree = "<group>"; };
		F4C33E2126C93186001A28B1 /* Info.plist */ = {isa = PBXFileReference; fileEncoding = 4; lastKnownFileType = text.plist.xml; path = Info.plist; sourceTree = "<group>"; };
		F4C33E2C26C93202001A28B1 /* LaunchScreen.storyboard */ = {isa = PBXFileReference; lastKnownFileType = file.storyboard; path = LaunchScreen.storyboard; sourceTree = "<group>"; };
		F4C33E3026C932C8001A28B1 /* watchOS Example.app */ = {isa = PBXFileReference; explicitFileType = wrapper.application; includeInIndex = 0; path = "watchOS Example.app"; sourceTree = BUILT_PRODUCTS_DIR; };
		F4C33E3326C932C8001A28B1 /* Base */ = {isa = PBXFileReference; lastKnownFileType = file.storyboard; name = Base; path = Base.lproj/Interface.storyboard; sourceTree = "<group>"; };
		F4C33E3526C932C9001A28B1 /* Assets.xcassets */ = {isa = PBXFileReference; lastKnownFileType = folder.assetcatalog; path = Assets.xcassets; sourceTree = "<group>"; };
		F4C33E3726C932C9001A28B1 /* Info.plist */ = {isa = PBXFileReference; lastKnownFileType = text.plist.xml; path = Info.plist; sourceTree = "<group>"; };
		F4C33E3C26C932CA001A28B1 /* watchOS Example Extension.appex */ = {isa = PBXFileReference; explicitFileType = "wrapper.app-extension"; includeInIndex = 0; path = "watchOS Example Extension.appex"; sourceTree = BUILT_PRODUCTS_DIR; };
		F4C33E4326C932CA001A28B1 /* ExtensionDelegate.swift */ = {isa = PBXFileReference; lastKnownFileType = sourcecode.swift; path = ExtensionDelegate.swift; sourceTree = "<group>"; };
		F4C33E4726C932CB001A28B1 /* Assets.xcassets */ = {isa = PBXFileReference; lastKnownFileType = folder.assetcatalog; path = Assets.xcassets; sourceTree = "<group>"; };
		F4C33E4926C932CB001A28B1 /* Info.plist */ = {isa = PBXFileReference; lastKnownFileType = text.plist.xml; path = Info.plist; sourceTree = "<group>"; };
/* End PBXFileReference section */

/* Begin PBXFrameworksBuildPhase section */
		F4C33DD626C92DF8001A28B1 /* Frameworks */ = {
			isa = PBXFrameworksBuildPhase;
			buildActionMask = 2147483647;
			files = (
				F4C33E0326C92EEA001A28B1 /* NativeUIKit in Frameworks */,
				F4C33E0026C92EBB001A28B1 /* SparrowKit in Frameworks */,
			);
			runOnlyForDeploymentPostprocessing = 0;
		};
		F4C33E0726C9315F001A28B1 /* Frameworks */ = {
			isa = PBXFrameworksBuildPhase;
			buildActionMask = 2147483647;
			files = (
				F4C33E2926C931BF001A28B1 /* NativeUIKit in Frameworks */,
				F4C33E2726C931BD001A28B1 /* SparrowKit in Frameworks */,
			);
			runOnlyForDeploymentPostprocessing = 0;
		};
		F4C33E3926C932CA001A28B1 /* Frameworks */ = {
			isa = PBXFrameworksBuildPhase;
			buildActionMask = 2147483647;
			files = (
			);
			runOnlyForDeploymentPostprocessing = 0;
		};
/* End PBXFrameworksBuildPhase section */

/* Begin PBXGroup section */
		F4C33DD026C92DF8001A28B1 = {
			isa = PBXGroup;
			children = (
				F41E02AA276C836700C7BD05 /* NativeUIKit */,
				F4C33DDB26C92DF8001A28B1 /* iOS Example */,
				F4C33E0B26C9315F001A28B1 /* tvOS Example */,
				F4C33E3126C932C8001A28B1 /* watchOS Example */,
				F4C33E4026C932CA001A28B1 /* watchOS Example Extension */,
				F4C33DDA26C92DF8001A28B1 /* Products */,
				F4C33E0126C92EEA001A28B1 /* Frameworks */,
			);
			sourceTree = "<group>";
		};
		F4C33DDA26C92DF8001A28B1 /* Products */ = {
			isa = PBXGroup;
			children = (
				F4C33DD926C92DF8001A28B1 /* iOS Example.app */,
				F4C33E0A26C9315F001A28B1 /* tvOS Example.app */,
				F4C33E3026C932C8001A28B1 /* watchOS Example.app */,
				F4C33E3C26C932CA001A28B1 /* watchOS Example Extension.appex */,
			);
			name = Products;
			sourceTree = "<group>";
		};
		F4C33DDB26C92DF8001A28B1 /* iOS Example */ = {
			isa = PBXGroup;
			children = (
				F4C33DF426C92E52001A28B1 /* App */,
				F4C33DF226C92E52001A28B1 /* Scenes */,
				F4C33DF126C92E52001A28B1 /* Info.plist */,
			);
			path = "iOS Example";
			sourceTree = "<group>";
		};
		F4C33DF226C92E52001A28B1 /* Scenes */ = {
			isa = PBXGroup;
			children = (
				F4C33DF326C92E52001A28B1 /* RootController.swift */,
			);
			path = Scenes;
			sourceTree = "<group>";
		};
		F4C33DF426C92E52001A28B1 /* App */ = {
			isa = PBXGroup;
			children = (
				F4C33DF826C92E52001A28B1 /* AppDelegate.swift */,
				F4C33DF526C92E52001A28B1 /* Assets.xcassets */,
				F4C33DF626C92E52001A28B1 /* LaunchScreen.storyboard */,
			);
			path = App;
			sourceTree = "<group>";
		};
		F4C33E0126C92EEA001A28B1 /* Frameworks */ = {
			isa = PBXGroup;
			children = (
			);
			name = Frameworks;
			sourceTree = "<group>";
		};
		F4C33E0B26C9315F001A28B1 /* tvOS Example */ = {
			isa = PBXGroup;
			children = (
				F4C33E2026C93186001A28B1 /* AppDelegate.swift */,
				F4C33E1F26C93186001A28B1 /* Assets.xcassets */,
				F4C33E2126C93186001A28B1 /* Info.plist */,
				F4C33E2C26C93202001A28B1 /* LaunchScreen.storyboard */,
			);
			path = "tvOS Example";
			sourceTree = "<group>";
		};
		F4C33E3126C932C8001A28B1 /* watchOS Example */ = {
			isa = PBXGroup;
			children = (
				F4C33E3226C932C8001A28B1 /* Interface.storyboard */,
				F4C33E3526C932C9001A28B1 /* Assets.xcassets */,
				F4C33E3726C932C9001A28B1 /* Info.plist */,
			);
			path = "watchOS Example";
			sourceTree = "<group>";
		};
		F4C33E4026C932CA001A28B1 /* watchOS Example Extension */ = {
			isa = PBXGroup;
			children = (
				F4C33E4326C932CA001A28B1 /* ExtensionDelegate.swift */,
				F4C33E4726C932CB001A28B1 /* Assets.xcassets */,
				F4C33E4926C932CB001A28B1 /* Info.plist */,
			);
			path = "watchOS Example Extension";
			sourceTree = "<group>";
		};
/* End PBXGroup section */

/* Begin PBXNativeTarget section */
		F4C33DD826C92DF8001A28B1 /* iOS Example */ = {
			isa = PBXNativeTarget;
			buildConfigurationList = F4C33DED26C92DF9001A28B1 /* Build configuration list for PBXNativeTarget "iOS Example" */;
			buildPhases = (
				F4C33DD526C92DF8001A28B1 /* Sources */,
				F4C33DD626C92DF8001A28B1 /* Frameworks */,
				F4C33DD726C92DF8001A28B1 /* Resources */,
				F4C33E5426C932CB001A28B1 /* Embed Watch Content */,
			);
			buildRules = (
			);
			dependencies = (
				F4C33E4B26C932CB001A28B1 /* PBXTargetDependency */,
			);
			name = "iOS Example";
			packageProductDependencies = (
				F4C33DFF26C92EBB001A28B1 /* SparrowKit */,
				F4C33E0226C92EEA001A28B1 /* NativeUIKit */,
			);
			productName = NativeUIKit;
			productReference = F4C33DD926C92DF8001A28B1 /* iOS Example.app */;
			productType = "com.apple.product-type.application";
		};
		F4C33E0926C9315F001A28B1 /* tvOS Example */ = {
			isa = PBXNativeTarget;
			buildConfigurationList = F4C33E1926C93160001A28B1 /* Build configuration list for PBXNativeTarget "tvOS Example" */;
			buildPhases = (
				F4C33E0626C9315F001A28B1 /* Sources */,
				F4C33E0726C9315F001A28B1 /* Frameworks */,
				F4C33E0826C9315F001A28B1 /* Resources */,
			);
			buildRules = (
			);
			dependencies = (
			);
			name = "tvOS Example";
			packageProductDependencies = (
				F4C33E2626C931BD001A28B1 /* SparrowKit */,
				F4C33E2826C931BF001A28B1 /* NativeUIKit */,
			);
			productName = "tvOS Example";
			productReference = F4C33E0A26C9315F001A28B1 /* tvOS Example.app */;
			productType = "com.apple.product-type.application";
		};
		F4C33E2F26C932C8001A28B1 /* watchOS Example */ = {
			isa = PBXNativeTarget;
			buildConfigurationList = F4C33E5126C932CB001A28B1 /* Build configuration list for PBXNativeTarget "watchOS Example" */;
			buildPhases = (
				F4C33E2E26C932C8001A28B1 /* Resources */,
				F4C33E5026C932CB001A28B1 /* Embed App Extensions */,
			);
			buildRules = (
			);
			dependencies = (
				F4C33E3F26C932CA001A28B1 /* PBXTargetDependency */,
			);
			name = "watchOS Example";
			productName = "watchOS Example";
			productReference = F4C33E3026C932C8001A28B1 /* watchOS Example.app */;
			productType = "com.apple.product-type.application.watchapp2";
		};
		F4C33E3B26C932CA001A28B1 /* watchOS Example Extension */ = {
			isa = PBXNativeTarget;
			buildConfigurationList = F4C33E4D26C932CB001A28B1 /* Build configuration list for PBXNativeTarget "watchOS Example Extension" */;
			buildPhases = (
				F4C33E3826C932CA001A28B1 /* Sources */,
				F4C33E3926C932CA001A28B1 /* Frameworks */,
				F4C33E3A26C932CA001A28B1 /* Resources */,
			);
			buildRules = (
			);
			dependencies = (
			);
			name = "watchOS Example Extension";
			productName = "watchOS Example Extension";
			productReference = F4C33E3C26C932CA001A28B1 /* watchOS Example Extension.appex */;
			productType = "com.apple.product-type.watchkit2-extension";
		};
/* End PBXNativeTarget section */

/* Begin PBXProject section */
		F4C33DD126C92DF8001A28B1 /* Project object */ = {
			isa = PBXProject;
			attributes = {
				LastSwiftUpdateCheck = 1250;
				LastUpgradeCheck = 1250;
				TargetAttributes = {
					F4C33DD826C92DF8001A28B1 = {
						CreatedOnToolsVersion = 12.5.1;
					};
					F4C33E0926C9315F001A28B1 = {
						CreatedOnToolsVersion = 12.5.1;
						LastSwiftMigration = 1250;
					};
					F4C33E2F26C932C8001A28B1 = {
						CreatedOnToolsVersion = 12.5.1;
					};
					F4C33E3B26C932CA001A28B1 = {
						CreatedOnToolsVersion = 12.5.1;
					};
				};
			};
			buildConfigurationList = F4C33DD426C92DF8001A28B1 /* Build configuration list for PBXProject "NativeUIKit" */;
			compatibilityVersion = "Xcode 9.3";
			developmentRegion = en;
			hasScannedForEncodings = 0;
			knownRegions = (
				en,
				Base,
			);
			mainGroup = F4C33DD026C92DF8001A28B1;
			packageReferences = (
				F4C33DFE26C92EBB001A28B1 /* XCRemoteSwiftPackageReference "SparrowKit" */,
			);
			productRefGroup = F4C33DDA26C92DF8001A28B1 /* Products */;
			projectDirPath = "";
			projectRoot = "";
			targets = (
				F4C33DD826C92DF8001A28B1 /* iOS Example */,
				F4C33E0926C9315F001A28B1 /* tvOS Example */,
				F4C33E2F26C932C8001A28B1 /* watchOS Example */,
				F4C33E3B26C932CA001A28B1 /* watchOS Example Extension */,
			);
		};
/* End PBXProject section */

/* Begin PBXResourcesBuildPhase section */
		F4C33DD726C92DF8001A28B1 /* Resources */ = {
			isa = PBXResourcesBuildPhase;
			buildActionMask = 2147483647;
			files = (
				F4C33DFC26C92E52001A28B1 /* LaunchScreen.storyboard in Resources */,
				F4C33DFB26C92E52001A28B1 /* Assets.xcassets in Resources */,
			);
			runOnlyForDeploymentPostprocessing = 0;
		};
		F4C33E0826C9315F001A28B1 /* Resources */ = {
			isa = PBXResourcesBuildPhase;
			buildActionMask = 2147483647;
			files = (
				F4C33E2326C93186001A28B1 /* Assets.xcassets in Resources */,
				F4C33E2D26C93202001A28B1 /* LaunchScreen.storyboard in Resources */,
			);
			runOnlyForDeploymentPostprocessing = 0;
		};
		F4C33E2E26C932C8001A28B1 /* Resources */ = {
			isa = PBXResourcesBuildPhase;
			buildActionMask = 2147483647;
			files = (
				F4C33E3626C932C9001A28B1 /* Assets.xcassets in Resources */,
				F4C33E3426C932C8001A28B1 /* Interface.storyboard in Resources */,
			);
			runOnlyForDeploymentPostprocessing = 0;
		};
		F4C33E3A26C932CA001A28B1 /* Resources */ = {
			isa = PBXResourcesBuildPhase;
			buildActionMask = 2147483647;
			files = (
				F4C33E4826C932CB001A28B1 /* Assets.xcassets in Resources */,
			);
			runOnlyForDeploymentPostprocessing = 0;
		};
/* End PBXResourcesBuildPhase section */

/* Begin PBXSourcesBuildPhase section */
		F4C33DD526C92DF8001A28B1 /* Sources */ = {
			isa = PBXSourcesBuildPhase;
			buildActionMask = 2147483647;
			files = (
				F4C33DFD26C92E52001A28B1 /* AppDelegate.swift in Sources */,
				F4C33DFA26C92E52001A28B1 /* RootController.swift in Sources */,
			);
			runOnlyForDeploymentPostprocessing = 0;
		};
		F4C33E0626C9315F001A28B1 /* Sources */ = {
			isa = PBXSourcesBuildPhase;
			buildActionMask = 2147483647;
			files = (
				F4C33E2426C93186001A28B1 /* AppDelegate.swift in Sources */,
			);
			runOnlyForDeploymentPostprocessing = 0;
		};
		F4C33E3826C932CA001A28B1 /* Sources */ = {
			isa = PBXSourcesBuildPhase;
			buildActionMask = 2147483647;
			files = (
				F4C33E4426C932CA001A28B1 /* ExtensionDelegate.swift in Sources */,
			);
			runOnlyForDeploymentPostprocessing = 0;
		};
/* End PBXSourcesBuildPhase section */

/* Begin PBXTargetDependency section */
		F4C33E3F26C932CA001A28B1 /* PBXTargetDependency */ = {
			isa = PBXTargetDependency;
			target = F4C33E3B26C932CA001A28B1 /* watchOS Example Extension */;
			targetProxy = F4C33E3E26C932CA001A28B1 /* PBXContainerItemProxy */;
		};
		F4C33E4B26C932CB001A28B1 /* PBXTargetDependency */ = {
			isa = PBXTargetDependency;
			target = F4C33E2F26C932C8001A28B1 /* watchOS Example */;
			targetProxy = F4C33E4A26C932CB001A28B1 /* PBXContainerItemProxy */;
		};
/* End PBXTargetDependency section */

/* Begin PBXVariantGroup section */
		F4C33DF626C92E52001A28B1 /* LaunchScreen.storyboard */ = {
			isa = PBXVariantGroup;
			children = (
				F4C33DF726C92E52001A28B1 /* Base */,
			);
			name = LaunchScreen.storyboard;
			sourceTree = "<group>";
		};
		F4C33E3226C932C8001A28B1 /* Interface.storyboard */ = {
			isa = PBXVariantGroup;
			children = (
				F4C33E3326C932C8001A28B1 /* Base */,
			);
			name = Interface.storyboard;
			sourceTree = "<group>";
		};
/* End PBXVariantGroup section */

/* Begin XCBuildConfiguration section */
		F4C33DEB26C92DF9001A28B1 /* Debug */ = {
			isa = XCBuildConfiguration;
			buildSettings = {
				ALWAYS_SEARCH_USER_PATHS = NO;
				CLANG_ANALYZER_NONNULL = YES;
				CLANG_ANALYZER_NUMBER_OBJECT_CONVERSION = YES_AGGRESSIVE;
				CLANG_CXX_LANGUAGE_STANDARD = "gnu++14";
				CLANG_CXX_LIBRARY = "libc++";
				CLANG_ENABLE_MODULES = YES;
				CLANG_ENABLE_OBJC_ARC = YES;
				CLANG_ENABLE_OBJC_WEAK = YES;
				CLANG_WARN_BLOCK_CAPTURE_AUTORELEASING = YES;
				CLANG_WARN_BOOL_CONVERSION = YES;
				CLANG_WARN_COMMA = YES;
				CLANG_WARN_CONSTANT_CONVERSION = YES;
				CLANG_WARN_DEPRECATED_OBJC_IMPLEMENTATIONS = YES;
				CLANG_WARN_DIRECT_OBJC_ISA_USAGE = YES_ERROR;
				CLANG_WARN_DOCUMENTATION_COMMENTS = YES;
				CLANG_WARN_EMPTY_BODY = YES;
				CLANG_WARN_ENUM_CONVERSION = YES;
				CLANG_WARN_INFINITE_RECURSION = YES;
				CLANG_WARN_INT_CONVERSION = YES;
				CLANG_WARN_NON_LITERAL_NULL_CONVERSION = YES;
				CLANG_WARN_OBJC_IMPLICIT_RETAIN_SELF = YES;
				CLANG_WARN_OBJC_LITERAL_CONVERSION = YES;
				CLANG_WARN_OBJC_ROOT_CLASS = YES_ERROR;
				CLANG_WARN_QUOTED_INCLUDE_IN_FRAMEWORK_HEADER = YES;
				CLANG_WARN_RANGE_LOOP_ANALYSIS = YES;
				CLANG_WARN_STRICT_PROTOTYPES = YES;
				CLANG_WARN_SUSPICIOUS_MOVE = YES;
				CLANG_WARN_UNGUARDED_AVAILABILITY = YES_AGGRESSIVE;
				CLANG_WARN_UNREACHABLE_CODE = YES;
				CLANG_WARN__DUPLICATE_METHOD_MATCH = YES;
				COPY_PHASE_STRIP = NO;
				DEBUG_INFORMATION_FORMAT = dwarf;
				ENABLE_STRICT_OBJC_MSGSEND = YES;
				ENABLE_TESTABILITY = YES;
				GCC_C_LANGUAGE_STANDARD = gnu11;
				GCC_DYNAMIC_NO_PIC = NO;
				GCC_NO_COMMON_BLOCKS = YES;
				GCC_OPTIMIZATION_LEVEL = 0;
				GCC_PREPROCESSOR_DEFINITIONS = (
					"DEBUG=1",
					"$(inherited)",
				);
				GCC_WARN_64_TO_32_BIT_CONVERSION = YES;
				GCC_WARN_ABOUT_RETURN_TYPE = YES_ERROR;
				GCC_WARN_UNDECLARED_SELECTOR = YES;
				GCC_WARN_UNINITIALIZED_AUTOS = YES_AGGRESSIVE;
				GCC_WARN_UNUSED_FUNCTION = YES;
				GCC_WARN_UNUSED_VARIABLE = YES;
				IPHONEOS_DEPLOYMENT_TARGET = 14.5;
				MTL_ENABLE_DEBUG_INFO = INCLUDE_SOURCE;
				MTL_FAST_MATH = YES;
				ONLY_ACTIVE_ARCH = YES;
				SDKROOT = iphoneos;
				SWIFT_ACTIVE_COMPILATION_CONDITIONS = DEBUG;
				SWIFT_OPTIMIZATION_LEVEL = "-Onone";
			};
			name = Debug;
		};
		F4C33DEC26C92DF9001A28B1 /* Release */ = {
			isa = XCBuildConfiguration;
			buildSettings = {
				ALWAYS_SEARCH_USER_PATHS = NO;
				CLANG_ANALYZER_NONNULL = YES;
				CLANG_ANALYZER_NUMBER_OBJECT_CONVERSION = YES_AGGRESSIVE;
				CLANG_CXX_LANGUAGE_STANDARD = "gnu++14";
				CLANG_CXX_LIBRARY = "libc++";
				CLANG_ENABLE_MODULES = YES;
				CLANG_ENABLE_OBJC_ARC = YES;
				CLANG_ENABLE_OBJC_WEAK = YES;
				CLANG_WARN_BLOCK_CAPTURE_AUTORELEASING = YES;
				CLANG_WARN_BOOL_CONVERSION = YES;
				CLANG_WARN_COMMA = YES;
				CLANG_WARN_CONSTANT_CONVERSION = YES;
				CLANG_WARN_DEPRECATED_OBJC_IMPLEMENTATIONS = YES;
				CLANG_WARN_DIRECT_OBJC_ISA_USAGE = YES_ERROR;
				CLANG_WARN_DOCUMENTATION_COMMENTS = YES;
				CLANG_WARN_EMPTY_BODY = YES;
				CLANG_WARN_ENUM_CONVERSION = YES;
				CLANG_WARN_INFINITE_RECURSION = YES;
				CLANG_WARN_INT_CONVERSION = YES;
				CLANG_WARN_NON_LITERAL_NULL_CONVERSION = YES;
				CLANG_WARN_OBJC_IMPLICIT_RETAIN_SELF = YES;
				CLANG_WARN_OBJC_LITERAL_CONVERSION = YES;
				CLANG_WARN_OBJC_ROOT_CLASS = YES_ERROR;
				CLANG_WARN_QUOTED_INCLUDE_IN_FRAMEWORK_HEADER = YES;
				CLANG_WARN_RANGE_LOOP_ANALYSIS = YES;
				CLANG_WARN_STRICT_PROTOTYPES = YES;
				CLANG_WARN_SUSPICIOUS_MOVE = YES;
				CLANG_WARN_UNGUARDED_AVAILABILITY = YES_AGGRESSIVE;
				CLANG_WARN_UNREACHABLE_CODE = YES;
				CLANG_WARN__DUPLICATE_METHOD_MATCH = YES;
				COPY_PHASE_STRIP = NO;
				DEBUG_INFORMATION_FORMAT = "dwarf-with-dsym";
				ENABLE_NS_ASSERTIONS = NO;
				ENABLE_STRICT_OBJC_MSGSEND = YES;
				GCC_C_LANGUAGE_STANDARD = gnu11;
				GCC_NO_COMMON_BLOCKS = YES;
				GCC_WARN_64_TO_32_BIT_CONVERSION = YES;
				GCC_WARN_ABOUT_RETURN_TYPE = YES_ERROR;
				GCC_WARN_UNDECLARED_SELECTOR = YES;
				GCC_WARN_UNINITIALIZED_AUTOS = YES_AGGRESSIVE;
				GCC_WARN_UNUSED_FUNCTION = YES;
				GCC_WARN_UNUSED_VARIABLE = YES;
				IPHONEOS_DEPLOYMENT_TARGET = 14.5;
				MTL_ENABLE_DEBUG_INFO = NO;
				MTL_FAST_MATH = YES;
				SDKROOT = iphoneos;
				SWIFT_COMPILATION_MODE = wholemodule;
				SWIFT_OPTIMIZATION_LEVEL = "-O";
				VALIDATE_PRODUCT = YES;
			};
			name = Release;
		};
		F4C33DEE26C92DF9001A28B1 /* Debug */ = {
			isa = XCBuildConfiguration;
			buildSettings = {
				ASSETCATALOG_COMPILER_APPICON_NAME = AppIcon;
				ASSETCATALOG_COMPILER_GLOBAL_ACCENT_COLOR_NAME = "";
				CODE_SIGN_STYLE = Automatic;
				DEVELOPMENT_TEAM = 5KKK9SKF79;
				INFOPLIST_FILE = "iOS Example/Info.plist";
				LD_RUNPATH_SEARCH_PATHS = (
					"$(inherited)",
					"@executable_path/Frameworks",
				);
				PRODUCT_BUNDLE_IDENTIFIER = by.ivanvorobei.opensource.nativeuikit.ios;
				PRODUCT_NAME = "$(TARGET_NAME)";
				SWIFT_VERSION = 5.0;
				TARGETED_DEVICE_FAMILY = "1,2";
			};
			name = Debug;
		};
		F4C33DEF26C92DF9001A28B1 /* Release */ = {
			isa = XCBuildConfiguration;
			buildSettings = {
				ASSETCATALOG_COMPILER_APPICON_NAME = AppIcon;
				ASSETCATALOG_COMPILER_GLOBAL_ACCENT_COLOR_NAME = "";
				CODE_SIGN_STYLE = Automatic;
				DEVELOPMENT_TEAM = 5KKK9SKF79;
				INFOPLIST_FILE = "iOS Example/Info.plist";
				LD_RUNPATH_SEARCH_PATHS = (
					"$(inherited)",
					"@executable_path/Frameworks",
				);
				PRODUCT_BUNDLE_IDENTIFIER = by.ivanvorobei.opensource.nativeuikit.ios;
				PRODUCT_NAME = "$(TARGET_NAME)";
				SWIFT_VERSION = 5.0;
				TARGETED_DEVICE_FAMILY = "1,2";
			};
			name = Release;
		};
		F4C33E1A26C93160001A28B1 /* Debug */ = {
			isa = XCBuildConfiguration;
			buildSettings = {
				ASSETCATALOG_COMPILER_APPICON_NAME = "App Icon & Top Shelf Image";
				ASSETCATALOG_COMPILER_GLOBAL_ACCENT_COLOR_NAME = "";
				CLANG_ENABLE_MODULES = YES;
				CODE_SIGN_STYLE = Automatic;
				DEVELOPMENT_TEAM = 5KKK9SKF79;
				INFOPLIST_FILE = "tvOS Example/Info.plist";
				LD_RUNPATH_SEARCH_PATHS = (
					"$(inherited)",
					"@executable_path/Frameworks",
				);
				PRODUCT_BUNDLE_IDENTIFIER = by.ivanvorobei.opensource.nativeuikit.tvos;
				PRODUCT_NAME = "$(TARGET_NAME)";
				SDKROOT = appletvos;
				SWIFT_OPTIMIZATION_LEVEL = "-Onone";
				SWIFT_VERSION = 5.0;
				TARGETED_DEVICE_FAMILY = 3;
				TVOS_DEPLOYMENT_TARGET = 14.5;
			};
			name = Debug;
		};
		F4C33E1B26C93160001A28B1 /* Release */ = {
			isa = XCBuildConfiguration;
			buildSettings = {
				ASSETCATALOG_COMPILER_APPICON_NAME = "App Icon & Top Shelf Image";
				ASSETCATALOG_COMPILER_GLOBAL_ACCENT_COLOR_NAME = "";
				CLANG_ENABLE_MODULES = YES;
				CODE_SIGN_STYLE = Automatic;
				DEVELOPMENT_TEAM = 5KKK9SKF79;
				INFOPLIST_FILE = "tvOS Example/Info.plist";
				LD_RUNPATH_SEARCH_PATHS = (
					"$(inherited)",
					"@executable_path/Frameworks",
				);
				PRODUCT_BUNDLE_IDENTIFIER = by.ivanvorobei.opensource.nativeuikit.tvos;
				PRODUCT_NAME = "$(TARGET_NAME)";
				SDKROOT = appletvos;
				SWIFT_VERSION = 5.0;
				TARGETED_DEVICE_FAMILY = 3;
				TVOS_DEPLOYMENT_TARGET = 14.5;
			};
			name = Release;
		};
		F4C33E4E26C932CB001A28B1 /* Debug */ = {
			isa = XCBuildConfiguration;
			buildSettings = {
				ASSETCATALOG_COMPILER_COMPLICATION_NAME = Complication;
				CODE_SIGN_STYLE = Automatic;
				DEVELOPMENT_TEAM = 5KKK9SKF79;
				INFOPLIST_FILE = "watchOS Example Extension/Info.plist";
				LD_RUNPATH_SEARCH_PATHS = (
					"$(inherited)",
					"@executable_path/Frameworks",
					"@executable_path/../../Frameworks",
				);
				PRODUCT_BUNDLE_IDENTIFIER = by.ivanvorobei.opensource.nativeuikit.ios.watchkitapp.watchkitextension;
				PRODUCT_NAME = "${TARGET_NAME}";
				SDKROOT = watchos;
				SKIP_INSTALL = YES;
				SWIFT_VERSION = 5.0;
				TARGETED_DEVICE_FAMILY = 4;
				WATCHOS_DEPLOYMENT_TARGET = 7.4;
			};
			name = Debug;
		};
		F4C33E4F26C932CB001A28B1 /* Release */ = {
			isa = XCBuildConfiguration;
			buildSettings = {
				ASSETCATALOG_COMPILER_COMPLICATION_NAME = Complication;
				CODE_SIGN_STYLE = Automatic;
				DEVELOPMENT_TEAM = 5KKK9SKF79;
				INFOPLIST_FILE = "watchOS Example Extension/Info.plist";
				LD_RUNPATH_SEARCH_PATHS = (
					"$(inherited)",
					"@executable_path/Frameworks",
					"@executable_path/../../Frameworks",
				);
				PRODUCT_BUNDLE_IDENTIFIER = by.ivanvorobei.opensource.nativeuikit.ios.watchkitapp.watchkitextension;
				PRODUCT_NAME = "${TARGET_NAME}";
				SDKROOT = watchos;
				SKIP_INSTALL = YES;
				SWIFT_VERSION = 5.0;
				TARGETED_DEVICE_FAMILY = 4;
				WATCHOS_DEPLOYMENT_TARGET = 7.4;
			};
			name = Release;
		};
		F4C33E5226C932CB001A28B1 /* Debug */ = {
			isa = XCBuildConfiguration;
			buildSettings = {
				ALWAYS_EMBED_SWIFT_STANDARD_LIBRARIES = YES;
				ASSETCATALOG_COMPILER_APPICON_NAME = AppIcon;
				ASSETCATALOG_COMPILER_GLOBAL_ACCENT_COLOR_NAME = "";
				CODE_SIGN_STYLE = Automatic;
				DEVELOPMENT_TEAM = 5KKK9SKF79;
				IBSC_MODULE = watchOS_Example_Extension;
				INFOPLIST_FILE = "watchOS Example/Info.plist";
				PRODUCT_BUNDLE_IDENTIFIER = by.ivanvorobei.opensource.nativeuikit.ios.watchkitapp;
				PRODUCT_NAME = "$(TARGET_NAME)";
				SDKROOT = watchos;
				SKIP_INSTALL = YES;
				SWIFT_VERSION = 5.0;
				TARGETED_DEVICE_FAMILY = 4;
				WATCHOS_DEPLOYMENT_TARGET = 7.4;
			};
			name = Debug;
		};
		F4C33E5326C932CB001A28B1 /* Release */ = {
			isa = XCBuildConfiguration;
			buildSettings = {
				ALWAYS_EMBED_SWIFT_STANDARD_LIBRARIES = YES;
				ASSETCATALOG_COMPILER_APPICON_NAME = AppIcon;
				ASSETCATALOG_COMPILER_GLOBAL_ACCENT_COLOR_NAME = "";
				CODE_SIGN_STYLE = Automatic;
				DEVELOPMENT_TEAM = 5KKK9SKF79;
				IBSC_MODULE = watchOS_Example_Extension;
				INFOPLIST_FILE = "watchOS Example/Info.plist";
				PRODUCT_BUNDLE_IDENTIFIER = by.ivanvorobei.opensource.nativeuikit.ios.watchkitapp;
				PRODUCT_NAME = "$(TARGET_NAME)";
				SDKROOT = watchos;
				SKIP_INSTALL = YES;
				SWIFT_VERSION = 5.0;
				TARGETED_DEVICE_FAMILY = 4;
				WATCHOS_DEPLOYMENT_TARGET = 7.4;
			};
			name = Release;
		};
/* End XCBuildConfiguration section */

/* Begin XCConfigurationList section */
		F4C33DD426C92DF8001A28B1 /* Build configuration list for PBXProject "NativeUIKit" */ = {
			isa = XCConfigurationList;
			buildConfigurations = (
				F4C33DEB26C92DF9001A28B1 /* Debug */,
				F4C33DEC26C92DF9001A28B1 /* Release */,
			);
			defaultConfigurationIsVisible = 0;
			defaultConfigurationName = Release;
		};
		F4C33DED26C92DF9001A28B1 /* Build configuration list for PBXNativeTarget "iOS Example" */ = {
			isa = XCConfigurationList;
			buildConfigurations = (
				F4C33DEE26C92DF9001A28B1 /* Debug */,
				F4C33DEF26C92DF9001A28B1 /* Release */,
			);
			defaultConfigurationIsVisible = 0;
			defaultConfigurationName = Release;
		};
		F4C33E1926C93160001A28B1 /* Build configuration list for PBXNativeTarget "tvOS Example" */ = {
			isa = XCConfigurationList;
			buildConfigurations = (
				F4C33E1A26C93160001A28B1 /* Debug */,
				F4C33E1B26C93160001A28B1 /* Release */,
			);
			defaultConfigurationIsVisible = 0;
			defaultConfigurationName = Release;
		};
		F4C33E4D26C932CB001A28B1 /* Build configuration list for PBXNativeTarget "watchOS Example Extension" */ = {
			isa = XCConfigurationList;
			buildConfigurations = (
				F4C33E4E26C932CB001A28B1 /* Debug */,
				F4C33E4F26C932CB001A28B1 /* Release */,
			);
			defaultConfigurationIsVisible = 0;
			defaultConfigurationName = Release;
		};
		F4C33E5126C932CB001A28B1 /* Build configuration list for PBXNativeTarget "watchOS Example" */ = {
			isa = XCConfigurationList;
			buildConfigurations = (
				F4C33E5226C932CB001A28B1 /* Debug */,
				F4C33E5326C932CB001A28B1 /* Release */,
			);
			defaultConfigurationIsVisible = 0;
			defaultConfigurationName = Release;
		};
/* End XCConfigurationList section */

/* Begin XCRemoteSwiftPackageReference section */
		F4C33DFE26C92EBB001A28B1 /* XCRemoteSwiftPackageReference "SparrowKit" */ = {
			isa = XCRemoteSwiftPackageReference;
			repositoryURL = "https://github.com/ivanvorobei/SparrowKit";
			requirement = {
				kind = upToNextMajorVersion;
				minimumVersion = 3.4.6;
			};
		};
/* End XCRemoteSwiftPackageReference section */

/* Begin XCSwiftPackageProductDependency section */
		F4C33DFF26C92EBB001A28B1 /* SparrowKit */ = {
			isa = XCSwiftPackageProductDependency;
			package = F4C33DFE26C92EBB001A28B1 /* XCRemoteSwiftPackageReference "SparrowKit" */;
			productName = SparrowKit;
		};
		F4C33E0226C92EEA001A28B1 /* NativeUIKit */ = {
			isa = XCSwiftPackageProductDependency;
			productName = NativeUIKit;
		};
		F4C33E2626C931BD001A28B1 /* SparrowKit */ = {
			isa = XCSwiftPackageProductDependency;
			package = F4C33DFE26C92EBB001A28B1 /* XCRemoteSwiftPackageReference "SparrowKit" */;
			productName = SparrowKit;
		};
		F4C33E2826C931BF001A28B1 /* NativeUIKit */ = {
			isa = XCSwiftPackageProductDependency;
			productName = NativeUIKit;
		};
/* End XCSwiftPackageProductDependency section */
	};
	rootObject = F4C33DD126C92DF8001A28B1 /* Project object */;
}
