{
  "object": {
    "pins": [
      {
        "package": "SparrowKit",
        "repositoryURL": "https://github.com/ivanvorobei/SparrowKit",
        "state": {
          "branch": "main",
          "revision": "54c4101b0c53f8fe024de296ff189f7e3b86c92f",
          "version": null
        }
      }
    ]
  },
  "version": 1
}
