{
  "object": {
    "pins": [
      {
        "package": "SparrowKit",
        "repositoryURL": "https://github.com/ivanvorobei/SparrowKit",
        "state": {
          "branch": null,
          "revision": "910918bf80fbfbf78366cd9d10c4441fbfcd61e2",
          "version": "3.4.8"
        }
      },
      {
        "package": "SPDiffable",
        "repositoryURL": "https://github.com/ivanvorobei/SPDiffable",
        "state": {
          "branch": null,
          "revision": "84e69c37fac575a46ed27e4dc95042903b5bf0cd",
          "version": "2.2.0"
        }
      },
      {
        "package": "SPPerspective",
        "repositoryURL": "https://github.com/ivanvorobei/SPPerspective",
        "state": {
          "branch": null,
          "revision": "580ed06a5daec94c5095379971570289b429fa3d",
          "version": "1.4.1"
        }
      }
    ]
  },
  "version": 1
}
